
Microsoft Visual Studio Solution File, Format Version 12.00
# Visual Studio Version 16
VisualStudioVersion = 16.0.31702.278
MinimumVisualStudioVersion = 10.0.40219.1
Project("{FAE04EC0-301F-11D3-BF4B-00C04F79EFBC}") = "Application", "Application\Application.csproj", "{00833C06-5D94-4B4A-B1AB-0753661EB83B}"
EndProject
Global
	GlobalSection(SolutionConfigurationPlatforms) = preSolution
		Debug|Any CPU = Debug|Any CPU
		Release|Any CPU = Release|Any CPU
	EndGlobalSection
	GlobalSection(ProjectConfigurationPlatforms) = postSolution
		{00833C06-5D94-4B4A-B1AB-0753661EB83B}.Debug|Any CPU.ActiveCfg = Debug|Any CPU
		{00833C06-5D94-4B4A-B1AB-0753661EB83B}.Debug|Any CPU.Build.0 = Debug|Any CPU
		{00833C06-5D94-4B4A-B1AB-0753661EB83B}.Release|Any CPU.ActiveCfg = Release|Any CPU
		{00833C06-5D94-4B4A-B1AB-0753661EB83B}.Release|Any CPU.Build.0 = Release|Any CPU
	EndGlobalSection
	GlobalSection(SolutionProperties) = preSolution
		HideSolutionNode = FALSE
	EndGlobalSection
	GlobalSection(ExtensibilityGlobals) = postSolution
		SolutionGuid = {7B92E4EB-9680-4316-BEA5-D9ABCCD30E71}
	EndGlobalSection
EndGlobal
