
Microsoft Visual Studio Solution File, Format Version 12.00
# Visual Studio Version 16
VisualStudioVersion = 16.0.31702.278
MinimumVisualStudioVersion = 10.0.40219.1
Project("{9A19103F-16F7-4668-BE54-9A1E7A4F7556}") = "NetCore.Web", "NetCore.Web\NetCore.Web.csproj", "{522CF553-E4E7-4B20-B04F-DA91E5371624}"
EndProject
Project("{9A19103F-16F7-4668-BE54-9A1E7A4F7556}") = "NetCore.Services", "NetCore.Services\NetCore.Services.csproj", "{8C5020BF-D151-45B4-A16A-4D1395880F06}"
EndProject
Project("{9A19103F-16F7-4668-BE54-9A1E7A4F7556}") = "NetCore.Data", "NetCore.Data\NetCore.Data.csproj", "{20FF8851-1137-451E-A970-905DD74E54BF}"
EndProject
Global
	GlobalSection(SolutionConfigurationPlatforms) = preSolution
		Debug|Any CPU = Debug|Any CPU
		Release|Any CPU = Release|Any CPU
	EndGlobalSection
	GlobalSection(ProjectConfigurationPlatforms) = postSolution
		{522CF553-E4E7-4B20-B04F-DA91E5371624}.Debug|Any CPU.ActiveCfg = Debug|Any CPU
		{522CF553-E4E7-4B20-B04F-DA91E5371624}.Debug|Any CPU.Build.0 = Debug|Any CPU
		{522CF553-E4E7-4B20-B04F-DA91E5371624}.Release|Any CPU.ActiveCfg = Release|Any CPU
		{522CF553-E4E7-4B20-B04F-DA91E5371624}.Release|Any CPU.Build.0 = Release|Any CPU
		{8C5020BF-D151-45B4-A16A-4D1395880F06}.Debug|Any CPU.ActiveCfg = Debug|Any CPU
		{8C5020BF-D151-45B4-A16A-4D1395880F06}.Debug|Any CPU.Build.0 = Debug|Any CPU
		{8C5020BF-D151-45B4-A16A-4D1395880F06}.Release|Any CPU.ActiveCfg = Release|Any CPU
		{8C5020BF-D151-45B4-A16A-4D1395880F06}.Release|Any CPU.Build.0 = Release|Any CPU
		{20FF8851-1137-451E-A970-905DD74E54BF}.Debug|Any CPU.ActiveCfg = Debug|Any CPU
		{20FF8851-1137-451E-A970-905DD74E54BF}.Debug|Any CPU.Build.0 = Debug|Any CPU
		{20FF8851-1137-451E-A970-905DD74E54BF}.Release|Any CPU.ActiveCfg = Release|Any CPU
		{20FF8851-1137-451E-A970-905DD74E54BF}.Release|Any CPU.Build.0 = Release|Any CPU
	EndGlobalSection
	GlobalSection(SolutionProperties) = preSolution
		HideSolutionNode = FALSE
	EndGlobalSection
	GlobalSection(ExtensibilityGlobals) = postSolution
		SolutionGuid = {A719CBB2-CEB5-4026-AA1E-CB34AD6F83EE}
	EndGlobalSection
EndGlobal
