
Microsoft Visual Studio Solution File, Format Version 12.00
# Visual Studio Version 16
VisualStudioVersion = 16.0.31702.278
MinimumVisualStudioVersion = 10.0.40219.1
Project("{FAE04EC0-301F-11D3-BF4B-00C04F79EFBC}") = "MemoEngine", "MemoEngine\MemoEngine.csproj", "{123A2964-C4B9-4927-BE89-13CEEAE11BC8}"
EndProject
Project("{00D1A9C2-B5F0-4AF3-8072-F6C62B433612}") = "MemoEngine.Database", "MemoEngine.Database\MemoEngine.Database.sqlproj", "{7E39D13A-9776-41CD-A0CF-5B7BC9A4DD74}"
EndProject
Project("{FAE04EC0-301F-11D3-BF4B-00C04F79EFBC}") = "MemoEngine.Answers", "MemoEngine.Answers\MemoEngine.Answers.csproj", "{8866F042-184A-4CCC-A8D8-9DB0E2ACD2DC}"
EndProject
Global
	GlobalSection(SolutionConfigurationPlatforms) = preSolution
		Debug|Any CPU = Debug|Any CPU
		Release|Any CPU = Release|Any CPU
	EndGlobalSection
	GlobalSection(ProjectConfigurationPlatforms) = postSolution
		{123A2964-C4B9-4927-BE89-13CEEAE11BC8}.Debug|Any CPU.ActiveCfg = Debug|Any CPU
		{123A2964-C4B9-4927-BE89-13CEEAE11BC8}.Debug|Any CPU.Build.0 = Debug|Any CPU
		{123A2964-C4B9-4927-BE89-13CEEAE11BC8}.Release|Any CPU.ActiveCfg = Release|Any CPU
		{123A2964-C4B9-4927-BE89-13CEEAE11BC8}.Release|Any CPU.Build.0 = Release|Any CPU
		{7E39D13A-9776-41CD-A0CF-5B7BC9A4DD74}.Debug|Any CPU.ActiveCfg = Debug|Any CPU
		{7E39D13A-9776-41CD-A0CF-5B7BC9A4DD74}.Debug|Any CPU.Build.0 = Debug|Any CPU
		{7E39D13A-9776-41CD-A0CF-5B7BC9A4DD74}.Debug|Any CPU.Deploy.0 = Debug|Any CPU
		{7E39D13A-9776-41CD-A0CF-5B7BC9A4DD74}.Release|Any CPU.ActiveCfg = Release|Any CPU
		{7E39D13A-9776-41CD-A0CF-5B7BC9A4DD74}.Release|Any CPU.Build.0 = Release|Any CPU
		{7E39D13A-9776-41CD-A0CF-5B7BC9A4DD74}.Release|Any CPU.Deploy.0 = Release|Any CPU
		{8866F042-184A-4CCC-A8D8-9DB0E2ACD2DC}.Debug|Any CPU.ActiveCfg = Debug|Any CPU
		{8866F042-184A-4CCC-A8D8-9DB0E2ACD2DC}.Debug|Any CPU.Build.0 = Debug|Any CPU
		{8866F042-184A-4CCC-A8D8-9DB0E2ACD2DC}.Release|Any CPU.ActiveCfg = Release|Any CPU
		{8866F042-184A-4CCC-A8D8-9DB0E2ACD2DC}.Release|Any CPU.Build.0 = Release|Any CPU
	EndGlobalSection
	GlobalSection(SolutionProperties) = preSolution
		HideSolutionNode = FALSE
	EndGlobalSection
	GlobalSection(ExtensibilityGlobals) = postSolution
		SolutionGuid = {83D6EAF0-0790-4FAA-ADD4-242867D7EAAE}
	EndGlobalSection
EndGlobal
