
Microsoft Visual Studio Solution File, Format Version 12.00
# Visual Studio Version 16
VisualStudioVersion = 16.0.31702.278
MinimumVisualStudioVersion = 10.0.40219.1
Project("{FAE04EC0-301F-11D3-BF4B-00C04F79EFBC}") = "ModelBindDemo", "ModelBindDemo\ModelBindDemo.csproj", "{777002A8-DF61-4616-AC2D-2055E5084219}"
EndProject
Global
	GlobalSection(SolutionConfigurationPlatforms) = preSolution
		Debug|Any CPU = Debug|Any CPU
		Release|Any CPU = Release|Any CPU
	EndGlobalSection
	GlobalSection(ProjectConfigurationPlatforms) = postSolution
		{777002A8-DF61-4616-AC2D-2055E5084219}.Debug|Any CPU.ActiveCfg = Debug|Any CPU
		{777002A8-DF61-4616-AC2D-2055E5084219}.Debug|Any CPU.Build.0 = Debug|Any CPU
		{777002A8-DF61-4616-AC2D-2055E5084219}.Release|Any CPU.ActiveCfg = Release|Any CPU
		{777002A8-DF61-4616-AC2D-2055E5084219}.Release|Any CPU.Build.0 = Release|Any CPU
	EndGlobalSection
	GlobalSection(SolutionProperties) = preSolution
		HideSolutionNode = FALSE
	EndGlobalSection
	GlobalSection(ExtensibilityGlobals) = postSolution
		SolutionGuid = {D56340B5-D6D6-4BE6-95C4-064F8022E463}
	EndGlobalSection
EndGlobal
